// !$*UTF8*$!
{
	archiveVersion = 1;
	classes = {
	};
	objectVersion = 46;
	objects = {

/* Begin PBXBuildFile section */
		0E015C5916CEEF4E007190D8 /* DebtEntityModel.xcdatamodeld in Sources */ = {isa = PBXBuildFile; fileRef = 0E015C5716CEEF4E007190D8 /* DebtEntityModel.xcdatamodeld */; };
		0E14154316C5FEC100467BED /* QuartzCore.framework in Frameworks */ = {isa = PBXBuildFile; fileRef = 0E14154216C5FEC100467BED /* QuartzCore.framework */; };
		0E6BEFA816BDD5E60050541B /* UIKit.framework in Frameworks */ = {isa = PBXBuildFile; fileRef = 0E6BEFA716BDD5E60050541B /* UIKit.framework */; };
		0E6BEFAA16BDD5E60050541B /* Foundation.framework in Frameworks */ = {isa = PBXBuildFile; fileRef = 0E6BEFA916BDD5E60050541B /* Foundation.framework */; };
		0E6BEFAC16BDD5E60050541B /* CoreGraphics.framework in Frameworks */ = {isa = PBXBuildFile; fileRef = 0E6BEFAB16BDD5E60050541B /* CoreGraphics.framework */; };
		0E6BEFB216BDD5E60050541B /* InfoPlist.strings in Resources */ = {isa = PBXBuildFile; fileRef = 0E6BEFB016BDD5E60050541B /* InfoPlist.strings */; };
		0E6BEFB416BDD5E60050541B /* main.m in Sources */ = {isa = PBXBuildFile; fileRef = 0E6BEFB316BDD5E60050541B /* main.m */; };
		0E6BEFB816BDD5E60050541B /* PrototypeAppDelegate.m in Sources */ = {isa = PBXBuildFile; fileRef = 0E6BEFB716BDD5E60050541B /* PrototypeAppDelegate.m */; };
		0E6BEFBA16BDD5E60050541B /* Default.png in Resources */ = {isa = PBXBuildFile; fileRef = 0E6BEFB916BDD5E60050541B /* Default.png */; };
		0E6BEFBC16BDD5E60050541B /* Default@2x.png in Resources */ = {isa = PBXBuildFile; fileRef = 0E6BEFBB16BDD5E60050541B /* Default@2x.png */; };
		0E6BEFBE16BDD5E60050541B /* Default-568h@2x.png in Resources */ = {isa = PBXBuildFile; fileRef = 0E6BEFBD16BDD5E60050541B /* Default-568h@2x.png */; };
		0E6BEFC116BDD5E60050541B /* MainStoryboard.storyboard in Resources */ = {isa = PBXBuildFile; fileRef = 0E6BEFBF16BDD5E60050541B /* MainStoryboard.storyboard */; };
		0E6BEFC416BDD5E60050541B /* PrototypeViewController.m in Sources */ = {isa = PBXBuildFile; fileRef = 0E6BEFC316BDD5E60050541B /* PrototypeViewController.m */; };
		0E6BEFCC16BDD6A50050541B /* HomeViewController.m in Sources */ = {isa = PBXBuildFile; fileRef = 0E6BEFCB16BDD6A50050541B /* HomeViewController.m */; };
		0EDA380916D7046C00BED89D /* PersonPredictiveSearchModel.m in Sources */ = {isa = PBXBuildFile; fileRef = 0EDA380816D7046C00BED89D /* PersonPredictiveSearchModel.m */; };
		0EDA380C16D70CDC00BED89D /* PredictiveSearchResult.m in Sources */ = {isa = PBXBuildFile; fileRef = 0EDA380B16D70CDC00BED89D /* PredictiveSearchResult.m */; };
		0EDA380E16D70D0B00BED89D /* PredictiveSearchResult.xib in Resources */ = {isa = PBXBuildFile; fileRef = 0EDA380D16D70D0B00BED89D /* PredictiveSearchResult.xib */; };
		0EE6D05B16E1506E00F2856C /* Person+Create.m in Sources */ = {isa = PBXBuildFile; fileRef = 0EE6D05A16E1506E00F2856C /* Person+Create.m */; };
		0EEAB57D16C5BC7E0064E6B9 /* BugGx.jpg in Resources */ = {isa = PBXBuildFile; fileRef = 0EEAB57C16C5BC7E0064E6B9 /* BugGx.jpg */; };
		0EEAB57F16C5C9B60064E6B9 /* AddressBook.framework in Frameworks */ = {isa = PBXBuildFile; fileRef = 0EEAB57E16C5C9B60064E6B9 /* AddressBook.framework */; };
		0EEB87C316E00775002E2352 /* predictiveSearchBkg.png in Resources */ = {isa = PBXBuildFile; fileRef = 0EEB87C216E00775002E2352 /* predictiveSearchBkg.png */; };
		0EEB87C716E00D34002E2352 /* ImageCache.m in Sources */ = {isa = PBXBuildFile; fileRef = 0EEB87C616E00D34002E2352 /* ImageCache.m */; };
		0EEE22F516DD5BCF001A23D2 /* Debt.m in Sources */ = {isa = PBXBuildFile; fileRef = 0EEE22F416DD5BCF001A23D2 /* Debt.m */; };
		0EEE22F816DD5BCF001A23D2 /* Person.m in Sources */ = {isa = PBXBuildFile; fileRef = 0EEE22F716DD5BCF001A23D2 /* Person.m */; };
		0EEE22FA16DD5DAD001A23D2 /* CoreData.framework in Frameworks */ = {isa = PBXBuildFile; fileRef = 0EEE22F916DD5DAD001A23D2 /* CoreData.framework */; };
		0EF96E2D16C6F51B00915E29 /* DebtorNameTextInputView.m in Sources */ = {isa = PBXBuildFile; fileRef = 0EF96E2C16C6F51B00915E29 /* DebtorNameTextInputView.m */; };
		0EF96E2F16C6F53A00915E29 /* DebtorNameTextInputView.xib in Resources */ = {isa = PBXBuildFile; fileRef = 0EF96E2E16C6F53A00915E29 /* DebtorNameTextInputView.xib */; };
/* End PBXBuildFile section */

/* Begin PBXFileReference section */
		0E015C5816CEEF4E007190D8 /* DebtEntityModel.xcdatamodel */ = {isa = PBXFileReference; lastKnownFileType = wrapper.xcdatamodel; path = DebtEntityModel.xcdatamodel; sourceTree = "<group>"; };
		0E14154216C5FEC100467BED /* QuartzCore.framework */ = {isa = PBXFileReference; lastKnownFileType = wrapper.framework; name = QuartzCore.framework; path = System/Library/Frameworks/QuartzCore.framework; sourceTree = SDKROOT; };
		0E6BEFA316BDD5E60050541B /* YouOweMe.app */ = {isa = PBXFileReference; explicitFileType = wrapper.application; includeInIndex = 0; path = YouOweMe.app; sourceTree = BUILT_PRODUCTS_DIR; };
		0E6BEFA716BDD5E60050541B /* UIKit.framework */ = {isa = PBXFileReference; lastKnownFileType = wrapper.framework; name = UIKit.framework; path = System/Library/Frameworks/UIKit.framework; sourceTree = SDKROOT; };
		0E6BEFA916BDD5E60050541B /* Foundation.framework */ = {isa = PBXFileReference; lastKnownFileType = wrapper.framework; name = Foundation.framework; path = System/Library/Frameworks/Foundation.framework; sourceTree = SDKROOT; };
		0E6BEFAB16BDD5E60050541B /* CoreGraphics.framework */ = {isa = PBXFileReference; lastKnownFileType = wrapper.framework; name = CoreGraphics.framework; path = System/Library/Frameworks/CoreGraphics.framework; sourceTree = SDKROOT; };
		0E6BEFAF16BDD5E60050541B /* YouOweMe-Info.plist */ = {isa = PBXFileReference; lastKnownFileType = text.plist.xml; path = "YouOweMe-Info.plist"; sourceTree = "<group>"; };
		0E6BEFB116BDD5E60050541B /* en */ = {isa = PBXFileReference; lastKnownFileType = text.plist.strings; name = en; path = en.lproj/InfoPlist.strings; sourceTree = "<group>"; };
		0E6BEFB316BDD5E60050541B /* main.m */ = {isa = PBXFileReference; lastKnownFileType = sourcecode.c.objc; path = main.m; sourceTree = "<group>"; };
		0E6BEFB516BDD5E60050541B /* YouOweMe-Prefix.pch */ = {isa = PBXFileReference; lastKnownFileType = sourcecode.c.h; path = "YouOweMe-Prefix.pch"; sourceTree = "<group>"; };
		0E6BEFB616BDD5E60050541B /* PrototypeAppDelegate.h */ = {isa = PBXFileReference; lastKnownFileType = sourcecode.c.h; path = PrototypeAppDelegate.h; sourceTree = "<group>"; };
		0E6BEFB716BDD5E60050541B /* PrototypeAppDelegate.m */ = {isa = PBXFileReference; lastKnownFileType = sourcecode.c.objc; path = PrototypeAppDelegate.m; sourceTree = "<group>"; };
		0E6BEFB916BDD5E60050541B /* Default.png */ = {isa = PBXFileReference; lastKnownFileType = image.png; path = Default.png; sourceTree = "<group>"; };
		0E6BEFBB16BDD5E60050541B /* Default@2x.png */ = {isa = PBXFileReference; lastKnownFileType = image.png; path = "Default@2x.png"; sourceTree = "<group>"; };
		0E6BEFBD16BDD5E60050541B /* Default-568h@2x.png */ = {isa = PBXFileReference; lastKnownFileType = image.png; path = "Default-568h@2x.png"; sourceTree = "<group>"; };
		0E6BEFC016BDD5E60050541B /* en */ = {isa = PBXFileReference; lastKnownFileType = file.storyboard; name = en; path = en.lproj/MainStoryboard.storyboard; sourceTree = "<group>"; };
		0E6BEFC216BDD5E60050541B /* PrototypeViewController.h */ = {isa = PBXFileReference; lastKnownFileType = sourcecode.c.h; path = PrototypeViewController.h; sourceTree = "<group>"; };
		0E6BEFC316BDD5E60050541B /* PrototypeViewController.m */ = {isa = PBXFileReference; lastKnownFileType = sourcecode.c.objc; path = PrototypeViewController.m; sourceTree = "<group>"; };
		0E6BEFCA16BDD6A50050541B /* HomeViewController.h */ = {isa = PBXFileReference; fileEncoding = 4; lastKnownFileType = sourcecode.c.h; path = HomeViewController.h; sourceTree = "<group>"; };
		0E6BEFCB16BDD6A50050541B /* HomeViewController.m */ = {isa = PBXFileReference; fileEncoding = 4; lastKnownFileType = sourcecode.c.objc; path = HomeViewController.m; sourceTree = "<group>"; };
		0EDA380716D7046C00BED89D /* PersonPredictiveSearchModel.h */ = {isa = PBXFileReference; fileEncoding = 4; lastKnownFileType = sourcecode.c.h; path = PersonPredictiveSearchModel.h; sourceTree = "<group>"; };
		0EDA380816D7046C00BED89D /* PersonPredictiveSearchModel.m */ = {isa = PBXFileReference; fileEncoding = 4; lastKnownFileType = sourcecode.c.objc; path = PersonPredictiveSearchModel.m; sourceTree = "<group>"; };
		0EDA380A16D70CDC00BED89D /* PredictiveSearchResult.h */ = {isa = PBXFileReference; fileEncoding = 4; lastKnownFileType = sourcecode.c.h; path = PredictiveSearchResult.h; sourceTree = "<group>"; };
		0EDA380B16D70CDC00BED89D /* PredictiveSearchResult.m */ = {isa = PBXFileReference; fileEncoding = 4; lastKnownFileType = sourcecode.c.objc; path = PredictiveSearchResult.m; sourceTree = "<group>"; };
		0EDA380D16D70D0B00BED89D /* PredictiveSearchResult.xib */ = {isa = PBXFileReference; fileEncoding = 4; lastKnownFileType = file.xib; path = PredictiveSearchResult.xib; sourceTree = "<group>"; };
		0EE6D05916E1506E00F2856C /* Person+Create.h */ = {isa = PBXFileReference; fileEncoding = 4; lastKnownFileType = sourcecode.c.h; path = "Person+Create.h"; sourceTree = "<group>"; };
		0EE6D05A16E1506E00F2856C /* Person+Create.m */ = {isa = PBXFileReference; fileEncoding = 4; lastKnownFileType = sourcecode.c.objc; path = "Person+Create.m"; sourceTree = "<group>"; };
		0EEAB57C16C5BC7E0064E6B9 /* BugGx.jpg */ = {isa = PBXFileReference; lastKnownFileType = image.jpeg; path = BugGx.jpg; sourceTree = "<group>"; };
		0EEAB57E16C5C9B60064E6B9 /* AddressBook.framework */ = {isa = PBXFileReference; lastKnownFileType = wrapper.framework; name = AddressBook.framework; path = System/Library/Frameworks/AddressBook.framework; sourceTree = SDKROOT; };
		0EEB87C216E00775002E2352 /* predictiveSearchBkg.png */ = {isa = PBXFileReference; lastKnownFileType = image.png; name = predictiveSearchBkg.png; path = ../../../../../Desktop/projects/youOweMe/predictiveSearchBkg.png; sourceTree = "<group>"; };
		0EEB87C516E00D34002E2352 /* ImageCache.h */ = {isa = PBXFileReference; fileEncoding = 4; lastKnownFileType = sourcecode.c.h; path = ImageCache.h; sourceTree = "<group>"; };
		0EEB87C616E00D34002E2352 /* ImageCache.m */ = {isa = PBXFileReference; fileEncoding = 4; lastKnownFileType = sourcecode.c.objc; path = ImageCache.m; sourceTree = "<group>"; };
		0EEE22F316DD5BCF001A23D2 /* Debt.h */ = {isa = PBXFileReference; fileEncoding = 4; lastKnownFileType = sourcecode.c.h; path = Debt.h; sourceTree = "<group>"; };
		0EEE22F416DD5BCF001A23D2 /* Debt.m */ = {isa = PBXFileReference; fileEncoding = 4; lastKnownFileType = sourcecode.c.objc; path = Debt.m; sourceTree = "<group>"; };
		0EEE22F616DD5BCF001A23D2 /* Person.h */ = {isa = PBXFileReference; fileEncoding = 4; lastKnownFileType = sourcecode.c.h; path = Person.h; sourceTree = "<group>"; };
		0EEE22F716DD5BCF001A23D2 /* Person.m */ = {isa = PBXFileReference; fileEncoding = 4; lastKnownFileType = sourcecode.c.objc; path = Person.m; sourceTree = "<group>"; };
		0EEE22F916DD5DAD001A23D2 /* CoreData.framework */ = {isa = PBXFileReference; lastKnownFileType = wrapper.framework; name = CoreData.framework; path = System/Library/Frameworks/CoreData.framework; sourceTree = SDKROOT; };
		0EF96E2B16C6F51B00915E29 /* DebtorNameTextInputView.h */ = {isa = PBXFileReference; fileEncoding = 4; lastKnownFileType = sourcecode.c.h; path = DebtorNameTextInputView.h; sourceTree = "<group>"; };
		0EF96E2C16C6F51B00915E29 /* DebtorNameTextInputView.m */ = {isa = PBXFileReference; fileEncoding = 4; lastKnownFileType = sourcecode.c.objc; path = DebtorNameTextInputView.m; sourceTree = "<group>"; };
		0EF96E2E16C6F53A00915E29 /* DebtorNameTextInputView.xib */ = {isa = PBXFileReference; fileEncoding = 4; lastKnownFileType = file.xib; path = DebtorNameTextInputView.xib; sourceTree = "<group>"; };
/* End PBXFileReference section */

/* Begin PBXFrameworksBuildPhase section */
		0E6BEFA016BDD5E60050541B /* Frameworks */ = {
			isa = PBXFrameworksBuildPhase;
			buildActionMask = 2147483647;
			files = (
				0EEE22FA16DD5DAD001A23D2 /* CoreData.framework in Frameworks */,
				0E14154316C5FEC100467BED /* QuartzCore.framework in Frameworks */,
				0EEAB57F16C5C9B60064E6B9 /* AddressBook.framework in Frameworks */,
				0E6BEFA816BDD5E60050541B /* UIKit.framework in Frameworks */,
				0E6BEFAA16BDD5E60050541B /* Foundation.framework in Frameworks */,
				0E6BEFAC16BDD5E60050541B /* CoreGraphics.framework in Frameworks */,
			);
			runOnlyForDeploymentPostprocessing = 0;
		};
/* End PBXFrameworksBuildPhase section */

/* Begin PBXGroup section */
		0E015C5616CEE8B7007190D8 /* model */ = {
			isa = PBXGroup;
			children = (
				0EF3495F16DEDC1C00AC300B /* core data */,
				0EDA380716D7046C00BED89D /* PersonPredictiveSearchModel.h */,
				0EDA380816D7046C00BED89D /* PersonPredictiveSearchModel.m */,
			);
			name = model;
			sourceTree = "<group>";
		};
		0E6BEF9816BDD5E60050541B = {
			isa = PBXGroup;
			children = (
				0E6BEFAD16BDD5E60050541B /* YouOweMe */,
				0E6BEFA616BDD5E60050541B /* Frameworks */,
				0E6BEFA416BDD5E60050541B /* Products */,
			);
			sourceTree = "<group>";
		};
		0E6BEFA416BDD5E60050541B /* Products */ = {
			isa = PBXGroup;
			children = (
				0E6BEFA316BDD5E60050541B /* YouOweMe.app */,
			);
			name = Products;
			sourceTree = "<group>";
		};
		0E6BEFA616BDD5E60050541B /* Frameworks */ = {
			isa = PBXGroup;
			children = (
				0EEE22F916DD5DAD001A23D2 /* CoreData.framework */,
				0E14154216C5FEC100467BED /* QuartzCore.framework */,
				0EEAB57E16C5C9B60064E6B9 /* AddressBook.framework */,
				0E6BEFA716BDD5E60050541B /* UIKit.framework */,
				0E6BEFA916BDD5E60050541B /* Foundation.framework */,
				0E6BEFAB16BDD5E60050541B /* CoreGraphics.framework */,
			);
			name = Frameworks;
			sourceTree = "<group>";
		};
		0E6BEFAD16BDD5E60050541B /* YouOweMe */ = {
			isa = PBXGroup;
			children = (
				0EF3495E16DEDC0900AC300B /* utils */,
				0E015C5616CEE8B7007190D8 /* model */,
				0E6BEFBF16BDD5E60050541B /* MainStoryboard.storyboard */,
				0E6BEFCD16BDD6AC0050541B /* Controllers */,
				0EEAB57016C59EF60064E6B9 /* Views */,
				0E6BEFB716BDD5E60050541B /* PrototypeAppDelegate.m */,
				0E6BEFB616BDD5E60050541B /* PrototypeAppDelegate.h */,
				0EEAB57B16C5BC410064E6B9 /* assets */,
				0E6BEFC216BDD5E60050541B /* PrototypeViewController.h */,
				0E6BEFC316BDD5E60050541B /* PrototypeViewController.m */,
				0E6BEFAE16BDD5E60050541B /* Supporting Files */,
			);
			path = YouOweMe;
			sourceTree = "<group>";
		};
		0E6BEFAE16BDD5E60050541B /* Supporting Files */ = {
			isa = PBXGroup;
			children = (
				0E6BEFAF16BDD5E60050541B /* YouOweMe-Info.plist */,
				0E6BEFB016BDD5E60050541B /* InfoPlist.strings */,
				0E6BEFB316BDD5E60050541B /* main.m */,
				0E6BEFB516BDD5E60050541B /* YouOweMe-Prefix.pch */,
				0E6BEFB916BDD5E60050541B /* Default.png */,
				0E6BEFBB16BDD5E60050541B /* Default@2x.png */,
				0E6BEFBD16BDD5E60050541B /* Default-568h@2x.png */,
			);
			name = "Supporting Files";
			sourceTree = "<group>";
		};
		0E6BEFCD16BDD6AC0050541B /* Controllers */ = {
			isa = PBXGroup;
			children = (
				0E6BEFCA16BDD6A50050541B /* HomeViewController.h */,
				0E6BEFCB16BDD6A50050541B /* HomeViewController.m */,
			);
			name = Controllers;
			sourceTree = "<group>";
		};
		0EEAB57016C59EF60064E6B9 /* Views */ = {
			isa = PBXGroup;
			children = (
				0EF96E2B16C6F51B00915E29 /* DebtorNameTextInputView.h */,
				0EF96E2C16C6F51B00915E29 /* DebtorNameTextInputView.m */,
				0EF96E2E16C6F53A00915E29 /* DebtorNameTextInputView.xib */,
				0EDA380A16D70CDC00BED89D /* PredictiveSearchResult.h */,
				0EDA380B16D70CDC00BED89D /* PredictiveSearchResult.m */,
				0EDA380D16D70D0B00BED89D /* PredictiveSearchResult.xib */,
			);
			name = Views;
			sourceTree = "<group>";
		};
		0EEAB57B16C5BC410064E6B9 /* assets */ = {
			isa = PBXGroup;
			children = (
				0EEB87C216E00775002E2352 /* predictiveSearchBkg.png */,
				0EEAB57C16C5BC7E0064E6B9 /* BugGx.jpg */,
			);
			name = assets;
			sourceTree = "<group>";
		};
		0EF3495E16DEDC0900AC300B /* utils */ = {
			isa = PBXGroup;
			children = (
				0EEB87C516E00D34002E2352 /* ImageCache.h */,
				0EEB87C616E00D34002E2352 /* ImageCache.m */,
			);
			name = utils;
			sourceTree = "<group>";
		};
		0EF3495F16DEDC1C00AC300B /* core data */ = {
			isa = PBXGroup;
			children = (
				0E015C5716CEEF4E007190D8 /* DebtEntityModel.xcdatamodeld */,
				0EEE22F616DD5BCF001A23D2 /* Person.h */,
				0EE6D05916E1506E00F2856C /* Person+Create.h */,
				0EE6D05A16E1506E00F2856C /* Person+Create.m */,
				0EEE22F716DD5BCF001A23D2 /* Person.m */,
				0EEE22F316DD5BCF001A23D2 /* Debt.h */,
				0EEE22F416DD5BCF001A23D2 /* Debt.m */,
			);
			name = "core data";
			sourceTree = "<group>";
		};
/* End PBXGroup section */

/* Begin PBXNativeTarget section */
		0E6BEFA216BDD5E60050541B /* YouOweMe */ = {
			isa = PBXNativeTarget;
			buildConfigurationList = 0E6BEFC716BDD5E60050541B /* Build configuration list for PBXNativeTarget "YouOweMe" */;
			buildPhases = (
				0E6BEF9F16BDD5E60050541B /* Sources */,
				0E6BEFA016BDD5E60050541B /* Frameworks */,
				0E6BEFA116BDD5E60050541B /* Resources */,
			);
			buildRules = (
			);
			dependencies = (
			);
			name = YouOweMe;
			productName = YouOweMe;
			productReference = 0E6BEFA316BDD5E60050541B /* YouOweMe.app */;
			productType = "com.apple.product-type.application";
		};
/* End PBXNativeTarget section */

/* Begin PBXProject section */
		0E6BEF9A16BDD5E60050541B /* Project object */ = {
			isa = PBXProject;
			attributes = {
				CLASSPREFIX = Prototype;
				LastUpgradeCheck = 0450;
				ORGANIZATIONNAME = o;
			};
			buildConfigurationList = 0E6BEF9D16BDD5E60050541B /* Build configuration list for PBXProject "YouOweMe" */;
			compatibilityVersion = "Xcode 3.2";
			developmentRegion = English;
			hasScannedForEncodings = 0;
			knownRegions = (
				en,
			);
			mainGroup = 0E6BEF9816BDD5E60050541B;
			productRefGroup = 0E6BEFA416BDD5E60050541B /* Products */;
			projectDirPath = "";
			projectRoot = "";
			targets = (
				0E6BEFA216BDD5E60050541B /* YouOweMe */,
			);
		};
/* End PBXProject section */

/* Begin PBXResourcesBuildPhase section */
		0E6BEFA116BDD5E60050541B /* Resources */ = {
			isa = PBXResourcesBuildPhase;
			buildActionMask = 2147483647;
			files = (
				0E6BEFB216BDD5E60050541B /* InfoPlist.strings in Resources */,
				0E6BEFBA16BDD5E60050541B /* Default.png in Resources */,
				0E6BEFBC16BDD5E60050541B /* Default@2x.png in Resources */,
				0E6BEFBE16BDD5E60050541B /* Default-568h@2x.png in Resources */,
				0E6BEFC116BDD5E60050541B /* MainStoryboard.storyboard in Resources */,
				0EEAB57D16C5BC7E0064E6B9 /* BugGx.jpg in Resources */,
				0EF96E2F16C6F53A00915E29 /* DebtorNameTextInputView.xib in Resources */,
				0EDA380E16D70D0B00BED89D /* PredictiveSearchResult.xib in Resources */,
				0EEB87C316E00775002E2352 /* predictiveSearchBkg.png in Resources */,
			);
			runOnlyForDeploymentPostprocessing = 0;
		};
/* End PBXResourcesBuildPhase section */

/* Begin PBXSourcesBuildPhase section */
		0E6BEF9F16BDD5E60050541B /* Sources */ = {
			isa = PBXSourcesBuildPhase;
			buildActionMask = 2147483647;
			files = (
				0E6BEFB416BDD5E60050541B /* main.m in Sources */,
				0E6BEFB816BDD5E60050541B /* PrototypeAppDelegate.m in Sources */,
				0E6BEFC416BDD5E60050541B /* PrototypeViewController.m in Sources */,
				0E6BEFCC16BDD6A50050541B /* HomeViewController.m in Sources */,
				0EF96E2D16C6F51B00915E29 /* DebtorNameTextInputView.m in Sources */,
				0E015C5916CEEF4E007190D8 /* DebtEntityModel.xcdatamodeld in Sources */,
				0EDA380916D7046C00BED89D /* PersonPredictiveSearchModel.m in Sources */,
				0EDA380C16D70CDC00BED89D /* PredictiveSearchResult.m in Sources */,
				0EEE22F516DD5BCF001A23D2 /* Debt.m in Sources */,
				0EEE22F816DD5BCF001A23D2 /* Person.m in Sources */,
				0EEB87C716E00D34002E2352 /* ImageCache.m in Sources */,
				0EE6D05B16E1506E00F2856C /* Person+Create.m in Sources */,
			);
			runOnlyForDeploymentPostprocessing = 0;
		};
/* End PBXSourcesBuildPhase section */

/* Begin PBXVariantGroup section */
		0E6BEFB016BDD5E60050541B /* InfoPlist.strings */ = {
			isa = PBXVariantGroup;
			children = (
				0E6BEFB116BDD5E60050541B /* en */,
			);
			name = InfoPlist.strings;
			sourceTree = "<group>";
		};
		0E6BEFBF16BDD5E60050541B /* MainStoryboard.storyboard */ = {
			isa = PBXVariantGroup;
			children = (
				0E6BEFC016BDD5E60050541B /* en */,
			);
			name = MainStoryboard.storyboard;
			sourceTree = "<group>";
		};
/* End PBXVariantGroup section */

/* Begin XCBuildConfiguration section */
		0E6BEFC516BDD5E60050541B /* Debug */ = {
			isa = XCBuildConfiguration;
			buildSettings = {
				ALWAYS_SEARCH_USER_PATHS = NO;
				CLANG_CXX_LANGUAGE_STANDARD = "gnu++0x";
				CLANG_CXX_LIBRARY = "libc++";
				CLANG_ENABLE_OBJC_ARC = YES;
				CLANG_WARN_EMPTY_BODY = YES;
				CLANG_WARN__DUPLICATE_METHOD_MATCH = YES;
				"CODE_SIGN_IDENTITY[sdk=iphoneos*]" = "iPhone Developer";
				COPY_PHASE_STRIP = NO;
				GCC_C_LANGUAGE_STANDARD = gnu99;
				GCC_DYNAMIC_NO_PIC = NO;
				GCC_OPTIMIZATION_LEVEL = 0;
				GCC_PREPROCESSOR_DEFINITIONS = (
					"DEBUG=1",
					"$(inherited)",
				);
				GCC_SYMBOLS_PRIVATE_EXTERN = NO;
				GCC_WARN_ABOUT_RETURN_TYPE = YES;
				GCC_WARN_UNINITIALIZED_AUTOS = YES;
				GCC_WARN_UNUSED_VARIABLE = YES;
				IPHONEOS_DEPLOYMENT_TARGET = 6.0;
				ONLY_ACTIVE_ARCH = YES;
				SDKROOT = iphoneos;
			};
			name = Debug;
		};
		0E6BEFC616BDD5E60050541B /* Release */ = {
			isa = XCBuildConfiguration;
			buildSettings = {
				ALWAYS_SEARCH_USER_PATHS = NO;
				CLANG_CXX_LANGUAGE_STANDARD = "gnu++0x";
				CLANG_CXX_LIBRARY = "libc++";
				CLANG_ENABLE_OBJC_ARC = YES;
				CLANG_WARN_EMPTY_BODY = YES;
				CLANG_WARN__DUPLICATE_METHOD_MATCH = YES;
				"CODE_SIGN_IDENTITY[sdk=iphoneos*]" = "iPhone Developer";
				COPY_PHASE_STRIP = YES;
				GCC_C_LANGUAGE_STANDARD = gnu99;
				GCC_WARN_ABOUT_RETURN_TYPE = YES;
				GCC_WARN_UNINITIALIZED_AUTOS = YES;
				GCC_WARN_UNUSED_VARIABLE = YES;
				IPHONEOS_DEPLOYMENT_TARGET = 6.0;
				OTHER_CFLAGS = "-DNS_BLOCK_ASSERTIONS=1";
				SDKROOT = iphoneos;
				VALIDATE_PRODUCT = YES;
			};
			name = Release;
		};
		0E6BEFC816BDD5E60050541B /* Debug */ = {
			isa = XCBuildConfiguration;
			buildSettings = {
				GCC_PRECOMPILE_PREFIX_HEADER = YES;
				GCC_PREFIX_HEADER = "YouOweMe/YouOweMe-Prefix.pch";
				INFOPLIST_FILE = "YouOweMe/YouOweMe-Info.plist";
				IPHONEOS_DEPLOYMENT_TARGET = 5.1;
				PRODUCT_NAME = "$(TARGET_NAME)";
				WRAPPER_EXTENSION = app;
			};
			name = Debug;
		};
		0E6BEFC916BDD5E60050541B /* Release */ = {
			isa = XCBuildConfiguration;
			buildSettings = {
				GCC_PRECOMPILE_PREFIX_HEADER = YES;
				GCC_PREFIX_HEADER = "YouOweMe/YouOweMe-Prefix.pch";
				INFOPLIST_FILE = "YouOweMe/YouOweMe-Info.plist";
				IPHONEOS_DEPLOYMENT_TARGET = 5.1;
				PRODUCT_NAME = "$(TARGET_NAME)";
				WRAPPER_EXTENSION = app;
			};
			name = Release;
		};
/* End XCBuildConfiguration section */

/* Begin XCConfigurationList section */
		0E6BEF9D16BDD5E60050541B /* Build configuration list for PBXProject "YouOweMe" */ = {
			isa = XCConfigurationList;
			buildConfigurations = (
				0E6BEFC516BDD5E60050541B /* Debug */,
				0E6BEFC616BDD5E60050541B /* Release */,
			);
			defaultConfigurationIsVisible = 0;
			defaultConfigurationName = Release;
		};
		0E6BEFC716BDD5E60050541B /* Build configuration list for PBXNativeTarget "YouOweMe" */ = {
			isa = XCConfigurationList;
			buildConfigurations = (
				0E6BEFC816BDD5E60050541B /* Debug */,
				0E6BEFC916BDD5E60050541B /* Release */,
			);
			defaultConfigurationIsVisible = 0;
			defaultConfigurationName = Release;
		};
/* End XCConfigurationList section */

/* Begin XCVersionGroup section */
		0E015C5716CEEF4E007190D8 /* DebtEntityModel.xcdatamodeld */ = {
			isa = XCVersionGroup;
			children = (
				0E015C5816CEEF4E007190D8 /* DebtEntityModel.xcdatamodel */,
			);
			currentVersion = 0E015C5816CEEF4E007190D8 /* DebtEntityModel.xcdatamodel */;
			path = DebtEntityModel.xcdatamodeld;
			sourceTree = "<group>";
			versionGroupType = wrapper.xcdatamodel;
		};
/* End XCVersionGroup section */
	};
	rootObject = 0E6BEF9A16BDD5E60050541B /* Project object */;
}
